
Microsoft Visual Studio Solution File, Format Version 12.00
# Visual Studio Version 17
VisualStudioVersion = 17.14.36414.22 d17.14
MinimumVisualStudioVersion = 10.0.40219.1
Project("{FAE04EC0-301F-11D3-BF4B-00C04F79EFBC}") = "WpfApp2", "WpfApp2\WpfApp2.csproj", "{46A8DB85-3B0E-4E9F-B4EA-D7AED58C967C}"
EndProject
Global
	GlobalSection(SolutionConfigurationPlatforms) = preSolution
		Debug|Any CPU = Debug|Any CPU
		Release|Any CPU = Release|Any CPU
	EndGlobalSection
	GlobalSection(ProjectConfigurationPlatforms) = postSolution
		{46A8DB85-3B0E-4E9F-B4EA-D7AED58C967C}.Debug|Any CPU.ActiveCfg = Debug|Any CPU
		{46A8DB85-3B0E-4E9F-B4EA-D7AED58C967C}.Debug|Any CPU.Build.0 = Debug|Any CPU
		{46A8DB85-3B0E-4E9F-B4EA-D7AED58C967C}.Release|Any CPU.ActiveCfg = Release|Any CPU
		{46A8DB85-3B0E-4E9F-B4EA-D7AED58C967C}.Release|Any CPU.Build.0 = Release|Any CPU
	EndGlobalSection
	GlobalSection(SolutionProperties) = preSolution
		HideSolutionNode = FALSE
	EndGlobalSection
	GlobalSection(ExtensibilityGlobals) = postSolution
		SolutionGuid = {E40F735C-346F-469F-B4C3-A2000EFA44FC}
	EndGlobalSection
EndGlobal
